
Microsoft Visual Studio Solution File, Format Version 12.00
# Visual Studio Version 17
VisualStudioVersion = 17.7.34024.191
MinimumVisualStudioVersion = 10.0.40219.1
Project("{8BC9CEB8-8B4A-11D0-8D11-00A0C91BC942}") = "drill4_1", "drill4_1.vcxproj", "{35E1CFDC-3ABA-4D31-9492-272698D762B9}"
EndProject
Project("{8BC9CEB8-8B4A-11D0-8D11-00A0C91BC942}") = "drill4_2", "..\drill4_2\drill4_2.vcxproj", "{318208A8-2621-4F49-83F9-10FE147CA231}"
EndProject
Project("{8BC9CEB8-8B4A-11D0-8D11-00A0C91BC942}") = "exercise4_3", "..\drill4_3\drill4_3.vcxproj", "{83E6CA3A-FFB0-41FB-AA8A-A4B04DEA2DB5}"
EndProject
Project("{8BC9CEB8-8B4A-11D0-8D11-00A0C91BC942}") = "exercise4_4", "..\exercise4_4\exercise4_4.vcxproj", "{3E6AD560-EE73-47C7-9AFD-0AFCFDC1EDB2}"
EndProject
Project("{8BC9CEB8-8B4A-11D0-8D11-00A0C91BC942}") = "exercise4_16", "..\exercise4_16\exercise4_16.vcxproj", "{78BDCDB8-1A63-4294-82C7-A346F05C5BB9}"
EndProject
Project("{8BC9CEB8-8B4A-11D0-8D11-00A0C91BC942}") = "exercise4_18", "..\exercise4_18\exercise4_18.vcxproj", "{A5D607E1-FD75-4BC3-BC42-70ECA273FEA9}"
EndProject
Project("{8BC9CEB8-8B4A-11D0-8D11-00A0C91BC942}") = "drill5_1", "..\drill5_1\drill5_1.vcxproj", "{F2F0E1D8-D750-40D0-A4A8-CC9F3D149FA0}"
EndProject
Project("{8BC9CEB8-8B4A-11D0-8D11-00A0C91BC942}") = "exercise5_7", "..\exercise5_7\exercise5_7.vcxproj", "{3BB6048D-A6AB-4456-B617-46412577A264}"
EndProject
Project("{8BC9CEB8-8B4A-11D0-8D11-00A0C91BC942}") = "exercise5_11", "..\exercise5_11\exercise5_11.vcxproj", "{CC7A8137-DC48-48BC-AAEF-025FB67C89D8}"
EndProject
Project("{8BC9CEB8-8B4A-11D0-8D11-00A0C91BC942}") = "exercise5_12", "..\exercise5_12\exercise5_12.vcxproj", "{3E7EBDF7-7812-4AE0-BAF0-28A666311A7E}"
EndProject
Project("{8BC9CEB8-8B4A-11D0-8D11-00A0C91BC942}") = "exercise5_13", "..\exercise5_13\exercise5_13.vcxproj", "{A3B2460D-BEDC-449C-8C3A-A15C941AB33C}"
EndProject
Project("{8BC9CEB8-8B4A-11D0-8D11-00A0C91BC942}") = "assignment2_1", "..\assignment2_1\assignment2_1.vcxproj", "{281256C7-618E-484D-8725-815E8A48F441}"
EndProject
Global
	GlobalSection(SolutionConfigurationPlatforms) = preSolution
		Debug|x64 = Debug|x64
		Debug|x86 = Debug|x86
		Release|x64 = Release|x64
		Release|x86 = Release|x86
	EndGlobalSection
	GlobalSection(ProjectConfigurationPlatforms) = postSolution
		{35E1CFDC-3ABA-4D31-9492-272698D762B9}.Debug|x64.ActiveCfg = Debug|x64
		{35E1CFDC-3ABA-4D31-9492-272698D762B9}.Debug|x64.Build.0 = Debug|x64
		{35E1CFDC-3ABA-4D31-9492-272698D762B9}.Debug|x86.ActiveCfg = Debug|Win32
		{35E1CFDC-3ABA-4D31-9492-272698D762B9}.Debug|x86.Build.0 = Debug|Win32
		{35E1CFDC-3ABA-4D31-9492-272698D762B9}.Release|x64.ActiveCfg = Release|x64
		{35E1CFDC-3ABA-4D31-9492-272698D762B9}.Release|x64.Build.0 = Release|x64
		{35E1CFDC-3ABA-4D31-9492-272698D762B9}.Release|x86.ActiveCfg = Release|Win32
		{35E1CFDC-3ABA-4D31-9492-272698D762B9}.Release|x86.Build.0 = Release|Win32
		{318208A8-2621-4F49-83F9-10FE147CA231}.Debug|x64.ActiveCfg = Debug|x64
		{318208A8-2621-4F49-83F9-10FE147CA231}.Debug|x64.Build.0 = Debug|x64
		{318208A8-2621-4F49-83F9-10FE147CA231}.Debug|x86.ActiveCfg = Debug|Win32
		{318208A8-2621-4F49-83F9-10FE147CA231}.Debug|x86.Build.0 = Debug|Win32
		{318208A8-2621-4F49-83F9-10FE147CA231}.Release|x64.ActiveCfg = Release|x64
		{318208A8-2621-4F49-83F9-10FE147CA231}.Release|x64.Build.0 = Release|x64
		{318208A8-2621-4F49-83F9-10FE147CA231}.Release|x86.ActiveCfg = Release|Win32
		{318208A8-2621-4F49-83F9-10FE147CA231}.Release|x86.Build.0 = Release|Win32
		{83E6CA3A-FFB0-41FB-AA8A-A4B04DEA2DB5}.Debug|x64.ActiveCfg = Debug|x64
		{83E6CA3A-FFB0-41FB-AA8A-A4B04DEA2DB5}.Debug|x64.Build.0 = Debug|x64
		{83E6CA3A-FFB0-41FB-AA8A-A4B04DEA2DB5}.Debug|x86.ActiveCfg = Debug|Win32
		{83E6CA3A-FFB0-41FB-AA8A-A4B04DEA2DB5}.Debug|x86.Build.0 = Debug|Win32
		{83E6CA3A-FFB0-41FB-AA8A-A4B04DEA2DB5}.Release|x64.ActiveCfg = Release|x64
		{83E6CA3A-FFB0-41FB-AA8A-A4B04DEA2DB5}.Release|x64.Build.0 = Release|x64
		{83E6CA3A-FFB0-41FB-AA8A-A4B04DEA2DB5}.Release|x86.ActiveCfg = Release|Win32
		{83E6CA3A-FFB0-41FB-AA8A-A4B04DEA2DB5}.Release|x86.Build.0 = Release|Win32
		{3E6AD560-EE73-47C7-9AFD-0AFCFDC1EDB2}.Debug|x64.ActiveCfg = Debug|x64
		{3E6AD560-EE73-47C7-9AFD-0AFCFDC1EDB2}.Debug|x64.Build.0 = Debug|x64
		{3E6AD560-EE73-47C7-9AFD-0AFCFDC1EDB2}.Debug|x86.ActiveCfg = Debug|Win32
		{3E6AD560-EE73-47C7-9AFD-0AFCFDC1EDB2}.Debug|x86.Build.0 = Debug|Win32
		{3E6AD560-EE73-47C7-9AFD-0AFCFDC1EDB2}.Release|x64.ActiveCfg = Release|x64
		{3E6AD560-EE73-47C7-9AFD-0AFCFDC1EDB2}.Release|x64.Build.0 = Release|x64
		{3E6AD560-EE73-47C7-9AFD-0AFCFDC1EDB2}.Release|x86.ActiveCfg = Release|Win32
		{3E6AD560-EE73-47C7-9AFD-0AFCFDC1EDB2}.Release|x86.Build.0 = Release|Win32
		{78BDCDB8-1A63-4294-82C7-A346F05C5BB9}.Debug|x64.ActiveCfg = Debug|x64
		{78BDCDB8-1A63-4294-82C7-A346F05C5BB9}.Debug|x64.Build.0 = Debug|x64
		{78BDCDB8-1A63-4294-82C7-A346F05C5BB9}.Debug|x86.ActiveCfg = Debug|Win32
		{78BDCDB8-1A63-4294-82C7-A346F05C5BB9}.Debug|x86.Build.0 = Debug|Win32
		{78BDCDB8-1A63-4294-82C7-A346F05C5BB9}.Release|x64.ActiveCfg = Release|x64
		{78BDCDB8-1A63-4294-82C7-A346F05C5BB9}.Release|x64.Build.0 = Release|x64
		{78BDCDB8-1A63-4294-82C7-A346F05C5BB9}.Release|x86.ActiveCfg = Release|Win32
		{78BDCDB8-1A63-4294-82C7-A346F05C5BB9}.Release|x86.Build.0 = Release|Win32
		{A5D607E1-FD75-4BC3-BC42-70ECA273FEA9}.Debug|x64.ActiveCfg = Debug|x64
		{A5D607E1-FD75-4BC3-BC42-70ECA273FEA9}.Debug|x64.Build.0 = Debug|x64
		{A5D607E1-FD75-4BC3-BC42-70ECA273FEA9}.Debug|x86.ActiveCfg = Debug|Win32
		{A5D607E1-FD75-4BC3-BC42-70ECA273FEA9}.Debug|x86.Build.0 = Debug|Win32
		{A5D607E1-FD75-4BC3-BC42-70ECA273FEA9}.Release|x64.ActiveCfg = Release|x64
		{A5D607E1-FD75-4BC3-BC42-70ECA273FEA9}.Release|x64.Build.0 = Release|x64
		{A5D607E1-FD75-4BC3-BC42-70ECA273FEA9}.Release|x86.ActiveCfg = Release|Win32
		{A5D607E1-FD75-4BC3-BC42-70ECA273FEA9}.Release|x86.Build.0 = Release|Win32
		{F2F0E1D8-D750-40D0-A4A8-CC9F3D149FA0}.Debug|x64.ActiveCfg = Debug|x64
		{F2F0E1D8-D750-40D0-A4A8-CC9F3D149FA0}.Debug|x64.Build.0 = Debug|x64
		{F2F0E1D8-D750-40D0-A4A8-CC9F3D149FA0}.Debug|x86.ActiveCfg = Debug|Win32
		{F2F0E1D8-D750-40D0-A4A8-CC9F3D149FA0}.Debug|x86.Build.0 = Debug|Win32
		{F2F0E1D8-D750-40D0-A4A8-CC9F3D149FA0}.Release|x64.ActiveCfg = Release|x64
		{F2F0E1D8-D750-40D0-A4A8-CC9F3D149FA0}.Release|x64.Build.0 = Release|x64
		{F2F0E1D8-D750-40D0-A4A8-CC9F3D149FA0}.Release|x86.ActiveCfg = Release|Win32
		{F2F0E1D8-D750-40D0-A4A8-CC9F3D149FA0}.Release|x86.Build.0 = Release|Win32
		{3BB6048D-A6AB-4456-B617-46412577A264}.Debug|x64.ActiveCfg = Debug|x64
		{3BB6048D-A6AB-4456-B617-46412577A264}.Debug|x64.Build.0 = Debug|x64
		{3BB6048D-A6AB-4456-B617-46412577A264}.Debug|x86.ActiveCfg = Debug|Win32
		{3BB6048D-A6AB-4456-B617-46412577A264}.Debug|x86.Build.0 = Debug|Win32
		{3BB6048D-A6AB-4456-B617-46412577A264}.Release|x64.ActiveCfg = Release|x64
		{3BB6048D-A6AB-4456-B617-46412577A264}.Release|x64.Build.0 = Release|x64
		{3BB6048D-A6AB-4456-B617-46412577A264}.Release|x86.ActiveCfg = Release|Win32
		{3BB6048D-A6AB-4456-B617-46412577A264}.Release|x86.Build.0 = Release|Win32
		{CC7A8137-DC48-48BC-AAEF-025FB67C89D8}.Debug|x64.ActiveCfg = Debug|x64
		{CC7A8137-DC48-48BC-AAEF-025FB67C89D8}.Debug|x64.Build.0 = Debug|x64
		{CC7A8137-DC48-48BC-AAEF-025FB67C89D8}.Debug|x86.ActiveCfg = Debug|Win32
		{CC7A8137-DC48-48BC-AAEF-025FB67C89D8}.Debug|x86.Build.0 = Debug|Win32
		{CC7A8137-DC48-48BC-AAEF-025FB67C89D8}.Release|x64.ActiveCfg = Release|x64
		{CC7A8137-DC48-48BC-AAEF-025FB67C89D8}.Release|x64.Build.0 = Release|x64
		{CC7A8137-DC48-48BC-AAEF-025FB67C89D8}.Release|x86.ActiveCfg = Release|Win32
		{CC7A8137-DC48-48BC-AAEF-025FB67C89D8}.Release|x86.Build.0 = Release|Win32
		{3E7EBDF7-7812-4AE0-BAF0-28A666311A7E}.Debug|x64.ActiveCfg = Debug|x64
		{3E7EBDF7-7812-4AE0-BAF0-28A666311A7E}.Debug|x64.Build.0 = Debug|x64
		{3E7EBDF7-7812-4AE0-BAF0-28A666311A7E}.Debug|x86.ActiveCfg = Debug|Win32
		{3E7EBDF7-7812-4AE0-BAF0-28A666311A7E}.Debug|x86.Build.0 = Debug|Win32
		{3E7EBDF7-7812-4AE0-BAF0-28A666311A7E}.Release|x64.ActiveCfg = Release|x64
		{3E7EBDF7-7812-4AE0-BAF0-28A666311A7E}.Release|x64.Build.0 = Release|x64
		{3E7EBDF7-7812-4AE0-BAF0-28A666311A7E}.Release|x86.ActiveCfg = Release|Win32
		{3E7EBDF7-7812-4AE0-BAF0-28A666311A7E}.Release|x86.Build.0 = Release|Win32
		{A3B2460D-BEDC-449C-8C3A-A15C941AB33C}.Debug|x64.ActiveCfg = Debug|x64
		{A3B2460D-BEDC-449C-8C3A-A15C941AB33C}.Debug|x64.Build.0 = Debug|x64
		{A3B2460D-BEDC-449C-8C3A-A15C941AB33C}.Debug|x86.ActiveCfg = Debug|Win32
		{A3B2460D-BEDC-449C-8C3A-A15C941AB33C}.Debug|x86.Build.0 = Debug|Win32
		{A3B2460D-BEDC-449C-8C3A-A15C941AB33C}.Release|x64.ActiveCfg = Release|x64
		{A3B2460D-BEDC-449C-8C3A-A15C941AB33C}.Release|x64.Build.0 = Release|x64
		{A3B2460D-BEDC-449C-8C3A-A15C941AB33C}.Release|x86.ActiveCfg = Release|Win32
		{A3B2460D-BEDC-449C-8C3A-A15C941AB33C}.Release|x86.Build.0 = Release|Win32
		{281256C7-618E-484D-8725-815E8A48F441}.Debug|x64.ActiveCfg = Debug|x64
		{281256C7-618E-484D-8725-815E8A48F441}.Debug|x64.Build.0 = Debug|x64
		{281256C7-618E-484D-8725-815E8A48F441}.Debug|x86.ActiveCfg = Debug|Win32
		{281256C7-618E-484D-8725-815E8A48F441}.Debug|x86.Build.0 = Debug|Win32
		{281256C7-618E-484D-8725-815E8A48F441}.Release|x64.ActiveCfg = Release|x64
		{281256C7-618E-484D-8725-815E8A48F441}.Release|x64.Build.0 = Release|x64
		{281256C7-618E-484D-8725-815E8A48F441}.Release|x86.ActiveCfg = Release|Win32
		{281256C7-618E-484D-8725-815E8A48F441}.Release|x86.Build.0 = Release|Win32
	EndGlobalSection
	GlobalSection(SolutionProperties) = preSolution
		HideSolutionNode = FALSE
	EndGlobalSection
	GlobalSection(ExtensibilityGlobals) = postSolution
		SolutionGuid = {3F90C28D-C0CC-4A62-BDFE-E90D29E3A87A}
	EndGlobalSection
EndGlobal
